
Microsoft Visual Studio Solution File, Format Version 12.00
# Visual Studio Version 16
VisualStudioVersion = 16.0.30104.148
MinimumVisualStudioVersion = 10.0.40219.1
Project("{9A19103F-16F7-4668-BE54-9A1E7A4F7556}") = "angularProject", "angularProject\angularProject.csproj", "{B8E24932-5AED-4D3E-97A9-F4D77360E758}"
EndProject
Global
	GlobalSection(SolutionConfigurationPlatforms) = preSolution
		Debug|Any CPU = Debug|Any CPU
		Release|Any CPU = Release|Any CPU
	EndGlobalSection
	GlobalSection(ProjectConfigurationPlatforms) = postSolution
		{B8E24932-5AED-4D3E-97A9-F4D77360E758}.Debug|Any CPU.ActiveCfg = Debug|Any CPU
		{B8E24932-5AED-4D3E-97A9-F4D77360E758}.Debug|Any CPU.Build.0 = Debug|Any CPU
		{B8E24932-5AED-4D3E-97A9-F4D77360E758}.Release|Any CPU.ActiveCfg = Release|Any CPU
		{B8E24932-5AED-4D3E-97A9-F4D77360E758}.Release|Any CPU.Build.0 = Release|Any CPU
	EndGlobalSection
	GlobalSection(SolutionProperties) = preSolution
		HideSolutionNode = FALSE
	EndGlobalSection
	GlobalSection(ExtensibilityGlobals) = postSolution
		SolutionGuid = {48C1E7C7-EFDC-4647-8816-596519EDA66A}
	EndGlobalSection
EndGlobal
